schema: '2.0'
stages:
  data_cleaning:
    cmd: python src/data/data_cleaning.py
    deps:
    - path: data/raw/swiggy.csv
      hash: md5
      md5: 0b050b37dfe6cfbfaa18d7cb4e454377
      size: 7772212
    - path: src/data/data_cleaning.py
      hash: md5
      md5: 103204cd7f6781c49635fb403ad07479
      size: 9844
    outs:
    - path: data/cleaned/swiggy_cleaned.csv
      hash: md5
      md5: 459a248ce6e8d0a9136bd5aaa98260fe
      size: 5013256
  data_preparation:
    cmd: python src/data/data_preparation.py
    deps:
    - path: data/cleaned/swiggy_cleaned.csv
      hash: md5
      md5: 459a248ce6e8d0a9136bd5aaa98260fe
      size: 5013256
    - path: src/data/data_preparation.py
      hash: md5
      md5: 9b3116a2e1702aa6cce068e321408003
      size: 2860
    params:
      params.yaml:
        Data_Preparation.random_state: 42
        Data_Preparation.test_size: 0.25
    outs:
    - path: data/interim/test.csv
      hash: md5
      md5: 8b5189708d40dddfb2ff7d1d94c80ac9
      size: 1252684
    - path: data/interim/train.csv
      hash: md5
      md5: db780f7c73c7f1d8a10f1a18cdb3d3c1
      size: 3757614
  data_preprocessing:
    cmd: python src/features/data_preprocessing.py
    deps:
    - path: data/interim/test.csv
      hash: md5
      md5: 8b5189708d40dddfb2ff7d1d94c80ac9
      size: 1252684
    - path: data/interim/train.csv
      hash: md5
      md5: db780f7c73c7f1d8a10f1a18cdb3d3c1
      size: 3757614
    - path: src/features/data_preprocessing.py
      hash: md5
      md5: 494158eaf32e2f0b83c3a3b2c0e4238b
      size: 5754
    outs:
    - path: data/processed/test_trans.csv
      hash: md5
      md5: d701312b05768a9939c54dfe943dcdeb
      size: 1466735
    - path: data/processed/train_trans.csv
      hash: md5
      md5: 7ac744f058b4b6145d64a1bb20eec55a
      size: 4384747
    - path: models/preprocessor.joblib
      hash: md5
      md5: 3d201ee80ad592603e906c14150139bb
      size: 8479
  train:
    cmd: python src/models/train.py
    deps:
    - path: data/processed/train_trans.csv
      hash: md5
      md5: 7ac744f058b4b6145d64a1bb20eec55a
      size: 4384747
    - path: src/models/train.py
      hash: md5
      md5: f8539f3b847bfac53dabe832fe1d40b0
      size: 4853
    params:
      params.yaml:
        Train.LightGBM:
          n_estimators: 78
          max_depth: 28
          learning_rate: 0.2658866008990233
          subsample: 0.5287157349748149
          min_child_weight: 7
          min_split_gain: 0.008083235828674103
          reg_lambda: 83.51605012289579
          n_jobs: -1
        Train.Random_Forest:
          n_estimators: 128
          max_depth: 13
          max_features:
          min_samples_split: 5
          min_samples_leaf: 5
          max_samples: 0.7115020945504928
          criterion: squared_error
          verbose: 1
          n_jobs: -1
    outs:
    - path: models/model.joblib
      hash: md5
      md5: a5a9c8744aad50b276d3588f69dbe8de
      size: 24652424
    - path: models/power_transformer.joblib
      hash: md5
      md5: c39e7e660904914c137e2bba924db177
      size: 821
    - path: models/stacking_regressor.joblib
      hash: md5
      md5: 8d15f92fcd18350b1aa01aae3901d062
      size: 24646858
